<?xml version="1.0" encoding="UTF-8"?>
<CONFIG>
  <ProjectOptions>
    <Version Value="12"/>
    <PathDelim Value="\"/>
    <General>
      <SessionStorage Value="InProjectDir"/>
      <Title Value="DemoBase"/>
      <Scaled Value="True"/>
      <ResourceType Value="res"/>
      <UseXPManifest Value="True"/>
      <XPManifest>
        <DpiAware Value="True"/>
      </XPManifest>
      <Icon Value="0"/>
    </General>
    <BuildModes>
      <Item Name="Default" Default="True"/>
    </BuildModes>
    <PublishOptions>
      <Version Value="2"/>
      <UseFileFilters Value="True"/>
    </PublishOptions>
    <RunParams>
      <FormatVersion Value="2"/>
    </RunParams>
    <RequiredPackages>
      <Item>
        <PackageName Value="LCL"/>
      </Item>
    </RequiredPackages>
    <Units>
      <Unit>
        <Filename Value="DemoBase.lpr"/>
        <IsPartOfProject Value="True"/>
      </Unit>
      <Unit>
        <Filename Value="src\chf.demobase.gui.main.pas"/>
        <IsPartOfProject Value="True"/>
        <ComponentName Value="CHFDemoBaseGUIMain"/>
        <HasResources Value="True"/>
        <ResourceBaseClass Value="Form"/>
      </Unit>
    </Units>
  </ProjectOptions>
  <CompilerOptions>
    <Version Value="11"/>
    <PathDelim Value="\"/>
    <Target>
      <Filename Value="DemoBase"/>
    </Target>
    <SearchPaths>
      <IncludeFiles Value="$(ProjOutDir)"/>
      <OtherUnitFiles Value="src;modules\.dcp;modules\.dcu;modules;modules\acbr\Exemplos\ACBrBoleto\Delphi;modules\acbr\Exemplos\ACBrBoleto\Lazarus;modules\acbr\Exemplos\ACBrComum\ACBrAAC\Delphi;modules\acbr\Exemplos\ACBrComum\ACBrAAC\Delphi2;modules\acbr\Exemplos\ACBrComum\ACBrAAC\Lazarus;modules\acbr\Exemplos\ACBrComum\ACBrAAC\Lazarus2;modules\acbr\Exemplos\ACBrDFe\ACBrANe\Delphi;modules\acbr\Exemplos\ACBrDFe\ACBrANe\Lazarus;modules\acbr\Exemplos\ACBrDFe\ACBrBPe\Delphi;modules\acbr\Exemplos\ACBrDFe\ACBrBPe\Lazarus;modules\acbr\Exemplos\ACBrDFe\ACBrBlocoX\delphi;modules\acbr\Exemplos\ACBrDFe\ACBrBlocoX\lazarus;modules\acbr\Exemplos\ACBrDFe\ACBrCIOT\Delphi;modules\acbr\Exemplos\ACBrDFe\ACBrCIOT\Lazarus;modules\acbr\Exemplos\ACBrDFe\ACBrCTe\Delphi;modules\acbr\Exemplos\ACBrDFe\ACBrCTe\Delphi DACTe FR;modules\acbr\Exemplos\ACBrDFe\ACBrCTe\Lazarus;modules\acbr\Exemplos\ACBrDFe\ACBrGNRe\Delphi;modules\acbr\Exemplos\ACBrDFe\ACBrGNRe\Lazarus;modules\acbr\Exemplos\ACBrDFe\ACBrMDFe\Delphi;modules\acbr\Exemplos\ACBrDFe\ACBrMDFe\Delphi DAMDFe FR;modules\acbr\Exemplos\ACBrDFe\ACBrMDFe\Lazarus;modules\acbr\Exemplos\ACBrDFe\ACBrNF3e\Delphi;modules\acbr\Exemplos\ACBrDFe\ACBrNF3e\Lazarus;modules\acbr\Exemplos\ACBrDFe\ACBrNFSe\Delphi;modules\acbr\Exemplos\ACBrDFe\ACBrNFSe\Delphi DANFSe FR;modules\acbr\Exemplos\ACBrDFe\ACBrNFSe\Lazarus;modules\acbr\Exemplos\ACBrDFe\ACBrNFSeX\Delphi;modules\acbr\Exemplos\ACBrDFe\ACBrNFSeX\Lazarus;modules\acbr\Exemplos\ACBrDFe\ACBrNFe\Android;modules\acbr\Exemplos\ACBrDFe\ACBrNFe\Delphi;modules\acbr\Exemplos\ACBrDFe\ACBrNFe\Delphi - TEF;modules\acbr\Exemplos\ACBrDFe\ACBrNFe\Delphi DANFe FR;modules\acbr\Exemplos\ACBrDFe\ACBrNFe\Demo ACBrNFeDANFeEscPos\Delphi;modules\acbr\Exemplos\ACBrDFe\ACBrNFe\Demo ACBrNFeDANFeEscPos\Lazarus;modules\acbr\Exemplos\ACBrDFe\ACBrNFe\Firemonkey;modules\acbr\Exemplos\ACBrDFe\ACBrNFe\Lazarus;modules\acbr\Exemplos\ACBrDFe\ACBrONE\Delphi;modules\acbr\Exemplos\ACBrDFe\ACBrONE\Lazarus;modules\acbr\Exemplos\ACBrDFe\ACBrReinf\Delphi;modules\acbr\Exemplos\ACBrDFe\ACBrReinf\Lazarus;modules\acbr\Exemplos\ACBrDFe\ACBrSATWS\Delphi;modules\acbr\Exemplos\ACBrDFe\ACBrSATWS\Lazarus;modules\acbr\Exemplos\ACBrDFe\ACBreSocial\Delphi;modules\acbr\Exemplos\ACBrDFe\ACBreSocial\Lazarus;modules\acbr\Exemplos\ACBrDiversos\ACBrBarCode\Delphi;modules\acbr\Exemplos\ACBrDiversos\ACBrBarCode\Lazarus;modules\acbr\Exemplos\ACBrDiversos\ACBrCMC7\Delphi;modules\acbr\Exemplos\ACBrDiversos\ACBrCMC7\Lazarus;modules\acbr\Exemplos\ACBrDiversos\ACBrCargaBal\Delphi;modules\acbr\Exemplos\ACBrDiversos\ACBrCargaBal\Lazarus;modules\acbr\Exemplos\ACBrDiversos\ACBrExtenso\Delphi;modules\acbr\Exemplos\ACBrDiversos\ACBrExtenso\Lazarus;modules\acbr\Exemplos\ACBrDiversos\ACBrFala\Delphi;modules\acbr\Exemplos\ACBrDiversos\ACBrFala\Lazarus;modules\acbr\Exemplos\ACBrDiversos\ACBrGIF\Delphi;modules\acbr\Exemplos\ACBrDiversos\ACBrGIF\Lazarus;modules\acbr\Exemplos\ACBrDiversos\ACBrInStore\Delphi;modules\acbr\Exemplos\ACBrDiversos\ACBrInStore\Firemonkey;modules\acbr\Exemplos\ACBrDiversos\ACBrTroco\Delphi;modules\acbr\Exemplos\ACBrDiversos\ACBrTroco\Lazarus;modules\acbr\Exemplos\ACBrDiversos\ACBrValidador\Delphi;modules\acbr\Exemplos\ACBrDiversos\ACBrValidador\Lazarus;modules\acbr\Exemplos\ACBrOpenSSL\ACBrEAD\Delphi;modules\acbr\Exemplos\ACBrOpenSSL\ACBrEAD\Lazarus;modules\acbr\Exemplos\ACBrOpenSSL\ACBrOpenSSLUtils\Lazarus;modules\acbr\Exemplos\ACBrPIXCD\Lazarus;modules\acbr\Exemplos\ACBrPagFor\Delphi;modules\acbr\Exemplos\ACBrPagFor\Lazarus;modules\acbr\Exemplos\ACBrSAT\Delphi\Fast Report;modules\acbr\Exemplos\ACBrSAT\Delphi\Fortes ESCPOS;modules\acbr\Exemplos\ACBrSAT\Lazarus;modules\acbr\Exemplos\ACBrSerial\ACBrBAL\Delphi;modules\acbr\Exemplos\ACBrSerial\ACBrBAL\Firemonkey;modules\acbr\Exemplos\ACBrSerial\ACBrBAL\Lazarus;modules\acbr\Exemplos\ACBrSerial\ACBrCHQ\Delphi;modules\acbr\Exemplos\ACBrSerial\ACBrCHQ\Lazarus;modules\acbr\Exemplos\ACBrSerial\ACBrDIS\Delphi;modules\acbr\Exemplos\ACBrSerial\ACBrDIS\Lazarus;modules\acbr\Exemplos\ACBrSerial\ACBrECF\Delphi;modules\acbr\Exemplos\ACBrSerial\ACBrECF\Firemonkey;modules\acbr\Exemplos\ACBrSerial\ACBrECF\Lazarus;modules\acbr\Exemplos\ACBrSerial\ACBrETQ\Delphi;modules\acbr\Exemplos\ACBrSerial\ACBrETQ\Lazarus;modules\acbr\Exemplos\ACBrSerial\ACBrGAV\Delphi;modules\acbr\Exemplos\ACBrSerial\ACBrGAV\Lazarus;modules\acbr\Exemplos\ACBrSerial\ACBrLCB\Delphi;modules\acbr\Exemplos\ACBrSerial\ACBrLCB\Lazarus;modules\acbr\Exemplos\ACBrSerial\ACBrPosPrinter\Android;modules\acbr\Exemplos\ACBrSerial\ACBrPosPrinter\Delphi;modules\acbr\Exemplos\ACBrSerial\ACBrPosPrinter\Firemonkey;modules\acbr\Exemplos\ACBrSerial\ACBrPosPrinter\Lazarus;modules\acbr\Exemplos\ACBrSerial\ACBrSMS\Delphi;modules\acbr\Exemplos\ACBrSerial\ACBrSMS\Lazarus;modules\acbr\Exemplos\ACBrSerial\ACBrTER\Delphi\Exemplo2;modules\acbr\Exemplos\ACBrSerial\ACBrTER\Delphi;modules\acbr\Exemplos\ACBrSerial\ACBrTER\Lazarus;modules\acbr\Exemplos\ACBrSerial\LCBxECF\Delphi;modules\acbr\Exemplos\ACBrSerial\LCBxECF\Lazarus;modules\acbr\Exemplos\ACBrTCP\ACBrCEP\Delphi;modules\acbr\Exemplos\ACBrTCP\ACBrCEP\Firemonkey;modules\acbr\Exemplos\ACBrTCP\ACBrCEP\Lazarus;modules\acbr\Exemplos\ACBrTCP\ACBrCNIEE\Delphi;modules\acbr\Exemplos\ACBrTCP\ACBrCNIEE\Firemonkey;modules\acbr\Exemplos\ACBrTCP\ACBrCNIEE\Lazarus;modules\acbr\Exemplos\ACBrTCP\ACBrConsultaCNPJ\Android;modules\acbr\Exemplos\ACBrTCP\ACBrConsultaCNPJ\Delphi;modules\acbr\Exemplos\ACBrTCP\ACBrConsultaCNPJ\Lazarus;modules\acbr\Exemplos\ACBrTCP\ACBrConsultaCPF\Delphi;modules\acbr\Exemplos\ACBrTCP\ACBrConsultaCPF\Lazarus;modules\acbr\Exemplos\ACBrTCP\ACBrCotacao\Delphi;modules\acbr\Exemplos\ACBrTCP\ACBrDownload\Delphi;modules\acbr\Exemplos\ACBrTCP\ACBrDownload\Lazarus;modules\acbr\Exemplos\ACBrTCP\ACBrFeriado\Delphi;modules\acbr\Exemplos\ACBrTCP\ACBrFeriado\Lazarus;modules\acbr\Exemplos\ACBrTCP\ACBrFrenet\Delphi;modules\acbr\Exemplos\ACBrTCP\ACBrIBPTax\Delphi;modules\acbr\Exemplos\ACBrTCP\ACBrIBPTax\Lazarus;modules\acbr\Exemplos\ACBrTCP\ACBrMTer\Delphi;modules\acbr\Exemplos\ACBrTCP\ACBrMTer\Lazarus;modules\acbr\Exemplos\ACBrTCP\ACBrMail\Android;modules\acbr\Exemplos\ACBrTCP\ACBrMail\Delphi\MailTeste;modules\acbr\Exemplos\ACBrTCP\ACBrMail\Firemonkey;modules\acbr\Exemplos\ACBrTCP\ACBrMail\Lazarus\Env_ACBrMail;modules\acbr\Exemplos\ACBrTCP\ACBrMail\Lazarus\MailTeste;modules\acbr\Exemplos\ACBrTCP\ACBrNCMs\Delphi;modules\acbr\Exemplos\ACBrTCP\ACBrNCMs\Lazarus;modules\acbr\Exemplos\ACBrTCP\ACBrNFPws\Lazarus;modules\acbr\Exemplos\ACBrTCP\ACBrSedex\Delphi;modules\acbr\Exemplos\ACBrTCP\ACBrSedex\Lazarus;modules\acbr\Exemplos\ACBrTCP\ACBrSpedTabelas\Delphi;modules\acbr\Exemplos\ACBrTCP\ACBrSpedTabelas\Lazarus;modules\acbr\Exemplos\ACBrTCP\ACBrSuframa\Delphi;modules\acbr\Exemplos\ACBrTCP\ACBrSuframa\Lazarus;modules\acbr\Exemplos\ACBrTCP\ACBrTCPServer\Delphi;modules\acbr\Exemplos\ACBrTCP\ACBrTCPServer\Lazarus;modules\acbr\Exemplos\ACBrTEFD\Android;modules\acbr\Exemplos\ACBrTEFD\ECF\Delphi;modules\acbr\Exemplos\ACBrTEFD\ECF\Lazarus;modules\acbr\Exemplos\ACBrTEFD\NaoFiscal\Delphi;modules\acbr\Exemplos\ACBrTEFD\NaoFiscal\Lazarus;modules\acbr\Exemplos\ACBrTEFD\POSTEF\Delphi;modules\acbr\Exemplos\ACBrTEFD\POSTEF\Lazaus;modules\acbr\Exemplos\ACBrTEFD\PicPay\Delphi;modules\acbr\Exemplos\ACBrTEFD\PicPay\Lazarus;modules\acbr\Exemplos\ACBrTEFD\TEFAPI\Delphi;modules\acbr\Exemplos\ACBrTEFD\TEFAPI\Lazarus;modules\acbr\Exemplos\ACBrTXT\ACBrADRCST\Delphi;modules\acbr\Exemplos\ACBrTXT\ACBrADRCST\Lazarus;modules\acbr\Exemplos\ACBrTXT\ACBrConvenio115\Delphi;modules\acbr\Exemplos\ACBrTXT\ACBrConvenio115\Lazarus;modules\acbr\Exemplos\ACBrTXT\ACBrEDI\Delphi;modules\acbr\Exemplos\ACBrTXT\ACBrEDI\Lazarus;modules\acbr\Exemplos\ACBrTXT\ACBrLCDPR\Delphi;modules\acbr\Exemplos\ACBrTXT\ACBrLCDPR\Lazarus;modules\acbr\Exemplos\ACBrTXT\ACBrPAF\Delphi;modules\acbr\Exemplos\ACBrTXT\ACBrPAF\Lazarus;modules\acbr\Exemplos\ACBrTXT\ACBrPonto\Delphi;modules\acbr\Exemplos\ACBrTXT\ACBrPonto\Lazarus;modules\acbr\Exemplos\ACBrTXT\ACBrSEF2\Delphi;modules\acbr\Exemplos\ACBrTXT\ACBrSEF2\Lazarus;modules\acbr\Exemplos\ACBrTXT\ACBrSPED\Delphi\Contabil;modules\acbr\Exemplos\ACBrTXT\ACBrSPED\Delphi\Fiscal;modules\acbr\Exemplos\ACBrTXT\ACBrSPED\Delphi\FiscalImportar;modules\acbr\Exemplos\ACBrTXT\ACBrSPED\Delphi\PisCofins;modules\acbr\Exemplos\ACBrTXT\ACBrSPED\Delphi\PisCofinsImportar;modules\acbr\Exemplos\ACBrTXT\ACBrSPED\Lazarus\Contabil;modules\acbr\Exemplos\ACBrTXT\ACBrSPED\Lazarus\Fiscal;modules\acbr\Exemplos\ACBrTXT\ACBrSPED\Lazarus\PisCofins;modules\acbr\Exemplos\ACBrTXT\ACBrSintegra\Delphi;modules\acbr\Exemplos\ACBrTXT\ACBrSintegra\Lazarus;modules\acbr\Fontes\ACBrBoleto;modules\acbr\Fontes\ACBrBoleto\FC\Fast;modules\acbr\Fontes\ACBrBoleto\FC\Fortes;modules\acbr\Fontes\ACBrBoleto\FC\Laz;modules\acbr\Fontes\ACBrBoleto\WS;modules\acbr\Fontes\ACBrComum;modules\acbr\Fontes\ACBrDFe\ACBrANe;modules\acbr\Fontes\ACBrDFe\ACBrANe\PCNANe;modules\acbr\Fontes\ACBrDFe\ACBrBPe;modules\acbr\Fontes\ACBrDFe\ACBrBPe\DABPE;modules\acbr\Fontes\ACBrDFe\ACBrBPe\DABPE\EscPos;modules\acbr\Fontes\ACBrDFe\ACBrBPe\DABPE\Fast;modules\acbr\Fontes\ACBrDFe\ACBrBPe\PCNBPe;modules\acbr\Fontes\ACBrDFe\ACBrBlocoX;modules\acbr\Fontes\ACBrDFe\ACBrBlocoX\PCNBlocoX;modules\acbr\Fontes\ACBrDFe\ACBrCIOT;modules\acbr\Fontes\ACBrDFe\ACBrCIOT\PCNCIOT;modules\acbr\Fontes\ACBrDFe\ACBrCTe;modules\acbr\Fontes\ACBrDFe\ACBrCTe\DACTE;modules\acbr\Fontes\ACBrDFe\ACBrCTe\DACTE\Fast;modules\acbr\Fontes\ACBrDFe\ACBrCTe\DACTE\Fortes;modules\acbr\Fontes\ACBrDFe\ACBrCTe\PCNCTe;modules\acbr\Fontes\ACBrDFe\ACBrDCe;modules\acbr\Fontes\ACBrDFe\ACBrDCe\Base;modules\acbr\Fontes\ACBrDFe\ACBrDCe\Base\Servicos;modules\acbr\Fontes\ACBrDFe\ACBrDCe\DACE;modules\acbr\Fontes\ACBrDFe;modules\acbr\Fontes\ACBrDFe\ACBrDI;modules\acbr\Fontes\ACBrDFe\ACBrDI\PCNDI;modules\acbr\Fontes\ACBrDFe\ACBrGNRE;modules\acbr\Fontes\ACBrDFe\ACBrGNRE\GNRE;modules\acbr\Fontes\ACBrDFe\ACBrGNRE\GNRE\Fast;modules\acbr\Fontes\ACBrDFe\ACBrGNRE\GNRE\Fortes;modules\acbr\Fontes\ACBrDFe\ACBrGNRE\GNRE\Laz;modules\acbr\Fontes\ACBrDFe\ACBrGNRE\PCNGNRE;modules\acbr\Fontes\ACBrDFe\ACBrMDFe;modules\acbr\Fontes\ACBrDFe\ACBrMDFe\DAMDFE;modules\acbr\Fontes\ACBrDFe\ACBrMDFe\DAMDFE\Fast;modules\acbr\Fontes\ACBrDFe\ACBrMDFe\DAMDFE\Fortes;modules\acbr\Fontes\ACBrDFe\ACBrMDFe\PCNMDFe;modules\acbr\Fontes\ACBrDFe\ACBrNF3e;modules\acbr\Fontes\ACBrDFe\ACBrNF3e\DANF3e;modules\acbr\Fontes\ACBrDFe\ACBrNF3e\DANF3e\EscPos;modules\acbr\Fontes\ACBrDFe\ACBrNF3e\PCNNF3e;modules\acbr\Fontes\ACBrDFe\ACBrNFSe;modules\acbr\Fontes\ACBrDFe\ACBrNFSe\DANFSE;modules\acbr\Fontes\ACBrDFe\ACBrNFSe\DANFSE\Fast;modules\acbr\Fontes\ACBrDFe\ACBrNFSe\DANFSE\Fortes;modules\acbr\Fontes\ACBrDFe\ACBrNFSe\PCNNFSe;modules\acbr\Fontes\ACBrDFe\ACBrNFSe\Provedores;modules\acbr\Fontes\ACBrDFe\ACBrNFSeX;modules\acbr\Fontes\ACBrDFe\ACBrNFSeX\Base;modules\acbr\Fontes\ACBrDFe\ACBrNFSeX\Base\Provedores;modules\acbr\Fontes\ACBrDFe\ACBrNFSeX\Base\WebServices;modules\acbr\Fontes\ACBrDFe\ACBrNFSeX\DANFSE;modules\acbr\Fontes\ACBrDFe\ACBrNFSeX\DANFSE\Fast;modules\acbr\Fontes\ACBrDFe\ACBrNFSeX\DANFSE\Fortes;modules\acbr\Fontes\ACBrDFe\ACBrNFSeX\Modelos;modules\acbr\Fontes\ACBrDFe\ACBrNFSeX\Provedores;modules\acbr\Fontes\ACBrDFe\ACBrNFe\ACBrECFVirtualNFCe;modules\acbr\Fontes\ACBrDFe\ACBrNFe;modules\acbr\Fontes\ACBrDFe\ACBrNFe\DANFE;modules\acbr\Fontes\ACBrDFe\ACBrNFe\DANFE\NFCe\EscPos;modules\acbr\Fontes\ACBrDFe\ACBrNFe\DANFE\NFCe\Fortes;modules\acbr\Fontes\ACBrDFe\ACBrNFe\DANFE\NFe\Fast;modules\acbr\Fontes\ACBrDFe\ACBrNFe\DANFE\NFe\Fortes;modules\acbr\Fontes\ACBrDFe\ACBrNFe\DANFE\NFe\LazReport;modules\acbr\Fontes\ACBrDFe\ACBrNFe\PCNNFe;modules\acbr\Fontes\ACBrDFe\ACBrONE;modules\acbr\Fontes\ACBrDFe\ACBrONE\PCNONE;modules\acbr\Fontes\ACBrDFe\ACBrReinf;modules\acbr\Fontes\ACBrDFe\ACBrReinf\PCNReinf;modules\acbr\Fontes\ACBrDFe\ACBrSATWS;modules\acbr\Fontes\ACBrDFe\ACBrSATWS\PCNSATWS;modules\acbr\Fontes\ACBrDFe\ACBreSocial;modules\acbr\Fontes\ACBrDFe\ACBreSocial\PCNeSocial;modules\acbr\Fontes\ACBrDiversos;modules\acbr\Fontes\ACBrIntegrador;modules\acbr\Fontes\ACBrIntegrador\pcnVFPe;modules\acbr\Fontes\ACBrOpenSSL;modules\acbr\Fontes\ACBrPIXCD;modules\acbr\Fontes\ACBrPagFor;modules\acbr\Fontes\ACBrPicPay;modules\acbr\Fontes\ACBrSAT\ACBrECFVirtualSAT;modules\acbr\Fontes\ACBrSAT;modules\acbr\Fontes\ACBrSAT\Extrato;modules\acbr\Fontes\ACBrSAT\Extrato\EscPos;modules\acbr\Fontes\ACBrSAT\Extrato\Fast;modules\acbr\Fontes\ACBrSAT\Extrato\Fortes;modules\acbr\Fontes\ACBrSAT\PCNSAT;modules\acbr\Fontes\ACBrSerial;modules\acbr\Fontes\ACBrTCP;modules\acbr\Fontes\ACBrTEFD;modules\acbr\Fontes\ACBrTXT\ACBrADRCST;modules\acbr\Fontes\ACBrTXT\ACBrConvenio115;modules\acbr\Fontes\ACBrTXT\ACBrDeSTDA;modules\acbr\Fontes\ACBrTXT\ACBrEDI;modules\acbr\Fontes\ACBrTXT\ACBrLCDPR;modules\acbr\Fontes\ACBrTXT\ACBrLFD;modules\acbr\Fontes\ACBrTXT\ACBrPAF;modules\acbr\Fontes\ACBrTXT\ACBrPonto;modules\acbr\Fontes\ACBrTXT\ACBrSEF2;modules\acbr\Fontes\ACBrTXT\ACBrSPED\ACBrSPEDContabil;modules\acbr\Fontes\ACBrTXT\ACBrSPED\ACBrSPEDECF;modules\acbr\Fontes\ACBrTXT\ACBrSPED\ACBrSPEDFiscal;modules\acbr\Fontes\ACBrTXT\ACBrSPED\ACBrSPEDFiscalImportar;modules\acbr\Fontes\ACBrTXT\ACBrSPED\ACBrSPEDPisCofins;modules\acbr\Fontes\ACBrTXT\ACBrSPED\ACBrSPEDPisCofinsImportar;modules\acbr\Fontes\ACBrTXT\ACBrSPED;modules\acbr\Fontes\ACBrTXT\ACBrSintegra;modules\acbr\Fontes\ACBrTXT;modules\acbr\Fontes\ACBrTXT\SintegraSultan;modules\acbr\Fontes\PCNComum;modules\acbr\Fontes\Terceiros\AJBarcode;modules\acbr\Fontes\Terceiros\CodeGear;modules\acbr\Fontes\Terceiros\DelphiZXingQRCode;modules\acbr\Fontes\Terceiros\Elgin;modules\acbr\Fontes\Terceiros\FastStringReplace;modules\acbr\Fontes\Terceiros\GZIPUtils;modules\acbr\Fontes\Terceiros\Gertec;modules\acbr\Fontes\Terceiros\JediWin32API;modules\acbr\Fontes\Terceiros\JsonDataObjects\Source;modules\acbr\Fontes\Terceiros\JsonDataObjects\UnitTest;modules\acbr\Fontes\Terceiros\LibXmlSec;modules\acbr\Fontes\Terceiros\Ole;modules\acbr\Fontes\Terceiros\TGif;modules\acbr\Fontes\Terceiros\ZLibExGZ;modules\acbr\Fontes\Terceiros\json4delphi\src;modules\acbr\Fontes\Terceiros\synalist;modules\acbr\Pacotes\Lazarus\ACBrBoleto;modules\acbr\Pacotes\Lazarus\ACBrBoleto\FC\Fortes;modules\acbr\Pacotes\Lazarus\ACBrBoleto\FC\Laz;modules\acbr\Pacotes\Lazarus\ACBrComum;modules\acbr\Pacotes\Lazarus\ACBrDFe\ACBrANe;modules\acbr\Pacotes\Lazarus\ACBrDFe\ACBrBPe;modules\acbr\Pacotes\Lazarus\ACBrDFe\ACBrBPe\DABPE\EscPos;modules\acbr\Pacotes\Lazarus\ACBrDFe\ACBrBlocoX;modules\acbr\Pacotes\Lazarus\ACBrDFe\ACBrCIOT;modules\acbr\Pacotes\Lazarus\ACBrDFe\ACBrCTe;modules\acbr\Pacotes\Lazarus\ACBrDFe\ACBrCTe\DACTE\Fortes;modules\acbr\Pacotes\Lazarus\ACBrDFe;modules\acbr\Pacotes\Lazarus\ACBrDFe\ACBrGNRE;modules\acbr\Pacotes\Lazarus\ACBrDFe\ACBrGNRE\GNRE\Fortes;modules\acbr\Pacotes\Lazarus\ACBrDFe\ACBrGNRE\GNRE\Laz;modules\acbr\Pacotes\Lazarus\ACBrDFe\ACBrMDFe;modules\acbr\Pacotes\Lazarus\ACBrDFe\ACBrMDFe\DAMDFE\Fortes;modules\acbr\Pacotes\Lazarus\ACBrDFe\ACBrNF3e;modules\acbr\Pacotes\Lazarus\ACBrDFe\ACBrNF3e\DANF3e\EscPos;modules\acbr\Pacotes\Lazarus\ACBrDFe\ACBrNFSe;modules\acbr\Pacotes\Lazarus\ACBrDFe\ACBrNFSe\DANFSE\Fortes;modules\acbr\Pacotes\Lazarus\ACBrDFe\ACBrNFSeX;modules\acbr\Pacotes\Lazarus\ACBrDFe\ACBrNFSeX\DANFSE\Fortes;modules\acbr\Pacotes\Lazarus\ACBrDFe\ACBrNFe\ACBrECFVirtualNFCe;modules\acbr\Pacotes\Lazarus\ACBrDFe\ACBrNFe;modules\acbr\Pacotes\Lazarus\ACBrDFe\ACBrNFe\DANFE\NFCe\EscPos;modules\acbr\Pacotes\Lazarus\ACBrDFe\ACBrNFe\DANFE\NFe\Fortes;modules\acbr\Pacotes\Lazarus\ACBrDFe\ACBrNFe\DANFE\NFe\Laz;modules\acbr\Pacotes\Lazarus\ACBrDFe\ACBrONE;modules\acbr\Pacotes\Lazarus\ACBrDFe\ACBrReinf;modules\acbr\Pacotes\Lazarus\ACBrDFe\ACBrSATWS;modules\acbr\Pacotes\Lazarus\ACBrDFe\ACBreSocial;modules\acbr\Pacotes\Lazarus\ACBrDiversos;modules\acbr\Pacotes\Lazarus\ACBrIntegrador;modules\acbr\Pacotes\Lazarus\ACBrOpenSSL;modules\acbr\Pacotes\Lazarus\ACBrPIXCD;modules\acbr\Pacotes\Lazarus\ACBrPagFor;modules\acbr\Pacotes\Lazarus\ACBrSAT\ACBrECFVirtualSAT;modules\acbr\Pacotes\Lazarus\ACBrSAT;modules\acbr\Pacotes\Lazarus\ACBrSAT\Extrato\EscPos;modules\acbr\Pacotes\Lazarus\ACBrSAT\Extrato\Fortes;modules\acbr\Pacotes\Lazarus\ACBrSerial;modules\acbr\Pacotes\Lazarus\ACBrTCP;modules\acbr\Pacotes\Lazarus\ACBrTEFD;modules\acbr\Pacotes\Lazarus\ACBrTXT\ACBrADRCST;modules\acbr\Pacotes\Lazarus\ACBrTXT\ACBrConvenio115;modules\acbr\Pacotes\Lazarus\ACBrTXT\ACBrDeSTDA;modules\acbr\Pacotes\Lazarus\ACBrTXT\ACBrEDI;modules\acbr\Pacotes\Lazarus\ACBrTXT\ACBrLCDPR;modules\acbr\Pacotes\Lazarus\ACBrTXT\ACBrLFD;modules\acbr\Pacotes\Lazarus\ACBrTXT\ACBrPAF;modules\acbr\Pacotes\Lazarus\ACBrTXT\ACBrPonto;modules\acbr\Pacotes\Lazarus\ACBrTXT\ACBrSEF2;modules\acbr\Pacotes\Lazarus\ACBrTXT\ACBrSPED;modules\acbr\Pacotes\Lazarus\ACBrTXT\ACBrSintegra;modules\acbr\Pacotes\Lazarus\ACBrTXT;modules\acbr\Pacotes\Lazarus\PCNComum;modules\acbr\Pacotes\Lazarus\synapse;modules\acbr\Projetos\ACBrBlocoXSign;modules\acbr\Projetos\ACBrInstall Trunk2;modules\acbr\Projetos\ACBrInstall Trunk2\Terceiros;modules\acbr\Projetos\ACBrLib\Fontes\BAL;modules\acbr\Projetos\ACBrLib\Fontes\BPe;modules\acbr\Projetos\ACBrLib\Fontes\Boleto;modules\acbr\Projetos\ACBrLib\Fontes\CEP;modules\acbr\Projetos\ACBrLib\Fontes\CHQ;modules\acbr\Projetos\ACBrLib\Fontes\CTe;modules\acbr\Projetos\ACBrLib\Fontes\Comum;modules\acbr\Projetos\ACBrLib\Fontes\ConsultaCNPJ;modules\acbr\Projetos\ACBrLib\Fontes\ConsultaCPF;modules\acbr\Projetos\ACBrLib\Fontes\DIS;modules\acbr\Projetos\ACBrLib\Fontes\ETQ;modules\acbr\Projetos\ACBrLib\Fontes\GAV;modules\acbr\Projetos\ACBrLib\Fontes\GNRe;modules\acbr\Projetos\ACBrLib\Fontes\IBGE;modules\acbr\Projetos\ACBrLib\Fontes\LCB;modules\acbr\Projetos\ACBrLib\Fontes\MDFe;modules\acbr\Projetos\ACBrLib\Fontes\Mail;modules\acbr\Projetos\ACBrLib\Fontes\NFSe;modules\acbr\Projetos\ACBrLib\Fontes\NFe;modules\acbr\Projetos\ACBrLib\Fontes\PosPrinter;modules\acbr\Projetos\ACBrLib\Fontes\Reinf;modules\acbr\Projetos\ACBrLib\Fontes\SAT;modules\acbr\Projetos\ACBrLib\Fontes\Sedex;modules\acbr\Projetos\ACBrLib\Fontes\eSocial;modules\acbr\Projetos\ACBrLib\Testes\BAL;modules\acbr\Projetos\ACBrLib\Testes\BPe;modules\acbr\Projetos\ACBrLib\Testes\Boleto;modules\acbr\Projetos\ACBrLib\Testes\CEP;modules\acbr\Projetos\ACBrLib\Testes\CHQ;modules\acbr\Projetos\ACBrLib\Testes\CTe;modules\acbr\Projetos\ACBrLib\Testes\Comum;modules\acbr\Projetos\ACBrLib\Testes\DIS;modules\acbr\Projetos\ACBrLib\Testes\ETQ;modules\acbr\Projetos\ACBrLib\Testes\GAV;modules\acbr\Projetos\ACBrLib\Testes\GNRe;modules\acbr\Projetos\ACBrLib\Testes\IBGE;modules\acbr\Projetos\ACBrLib\Testes\LCB;modules\acbr\Projetos\ACBrLib\Testes\MDFe;modules\acbr\Projetos\ACBrLib\Testes\Mail;modules\acbr\Projetos\ACBrLib\Testes\NFe;modules\acbr\Projetos\ACBrLib\Testes\PosPrinter;modules\acbr\Projetos\ACBrLib\Testes\Reinf;modules\acbr\Projetos\ACBrLib\Testes\SAT;modules\acbr\Projetos\ACBrLib\Testes\Sedex;modules\acbr\Projetos\ACBrLib\Testes\eSocial;modules\acbr\Projetos\ACBrMonitorPLUS\Lazarus;modules\acbr\Projetos\ACBrMonitorPLUS\Lazarus\Exemplos\Lazarus;modules\acbr\Projetos\ACBrPrinter;modules\acbr\Projetos\ACBrSatSign\Delphi;modules\acbr\Projetos\ACBrSatSign;modules\acbr\Projetos\EmuladorBalanca\Delphi;modules\acbr\Projetos\EmuladorLeitorSerial\Delphi;modules\acbr\Projetos\EmuladorLeitorSerial\Lazarus;modules\acbr\Projetos\ExemploIDBio\Lazarus;modules\acbr\Testes;modules\acbr\Testes\Dunit\AcbrLerTxt\Fontes;modules\acbr\Testes\Dunit\AcbrLerTxt;modules\acbr\Testes\Dunit\FastStringReplace\UnitTest;modules\acbr\Testes\FPCUnit\ACBrBoleto;modules\acbr\Testes\FPCUnit\ACBrComum;modules\acbr\Testes\FPCUnit\ACBrDFe;modules\acbr\Testes\FPCUnit\ACBrDiversos;modules\acbr\Testes\FPCUnit\ACBrPIXCD;modules\acbr\Testes\FPCUnit\ACBrTCP;modules\acbr\Testes\FPCUnit\ACBrTXTComum;modules\acbr\Testes\FPCUnit\PCN"/>
      <UnitOutputDirectory Value="lib\$(TargetCPU)-$(TargetOS)"/>
    </SearchPaths>
    <Linking>
      <Options>
        <Win32>
          <GraphicApplication Value="True"/>
        </Win32>
      </Options>
    </Linking>
  </CompilerOptions>
  <Debugging>
    <Exceptions>
      <Item>
        <Name Value="EAbort"/>
      </Item>
      <Item>
        <Name Value="ECodetoolError"/>
      </Item>
      <Item>
        <Name Value="EFOpenError"/>
      </Item>
    </Exceptions>
  </Debugging>
</CONFIG>
